
Microsoft Visual Studio Solution File, Format Version 12.00
# Visual Studio Version 17
VisualStudioVersion = 17.14.36310.24 d17.14
MinimumVisualStudioVersion = 10.0.40219.1
Project("{FAE04EC0-301F-11D3-BF4B-00C04F79EFBC}") = "TEST_ONE_RETAKE", "TEST_ONE_RETAKE\TEST_ONE_RETAKE.csproj", "{EBF31F9E-F4CD-4C6D-AEA8-6825D0D5BF8F}"
EndProject
Global
	GlobalSection(SolutionConfigurationPlatforms) = preSolution
		Debug|Any CPU = Debug|Any CPU
		Release|Any CPU = Release|Any CPU
	EndGlobalSection
	GlobalSection(ProjectConfigurationPlatforms) = postSolution
		{EBF31F9E-F4CD-4C6D-AEA8-6825D0D5BF8F}.Debug|Any CPU.ActiveCfg = Debug|Any CPU
		{EBF31F9E-F4CD-4C6D-AEA8-6825D0D5BF8F}.Debug|Any CPU.Build.0 = Debug|Any CPU
		{EBF31F9E-F4CD-4C6D-AEA8-6825D0D5BF8F}.Release|Any CPU.ActiveCfg = Release|Any CPU
		{EBF31F9E-F4CD-4C6D-AEA8-6825D0D5BF8F}.Release|Any CPU.Build.0 = Release|Any CPU
	EndGlobalSection
	GlobalSection(SolutionProperties) = preSolution
		HideSolutionNode = FALSE
	EndGlobalSection
	GlobalSection(ExtensibilityGlobals) = postSolution
		SolutionGuid = {3E84E1F4-D04D-4FA9-9C20-DBCB8F3CC805}
	EndGlobalSection
EndGlobal
